// !$*UTF8*$!
{
	archiveVersion = 1;
	classes = {
	};
	objectVersion = 46;
	objects = {

/* Begin PBXBuildFile section */
		E404DC101CE0C02100D4AB5F /* AppDelegate.swift in Sources */ = {isa = PBXBuildFile; fileRef = E404DC0F1CE0C02100D4AB5F /* AppDelegate.swift */; };
		E404DC121CE0C02100D4AB5F /* ViewController.swift in Sources */ = {isa = PBXBuildFile; fileRef = E404DC111CE0C02100D4AB5F /* ViewController.swift */; };
		E404DC141CE0C02100D4AB5F /* Assets.xcassets in Resources */ = {isa = PBXBuildFile; fileRef = E404DC131CE0C02100D4AB5F /* Assets.xcassets */; };
		E404DC171CE0C02100D4AB5F /* Main.storyboard in Resources */ = {isa = PBXBuildFile; fileRef = E404DC151CE0C02100D4AB5F /* Main.storyboard */; };
/* End PBXBuildFile section */

/* Begin PBXFileReference section */
		E404DC0C1CE0C02100D4AB5F /* MacPlugin.app */ = {isa = PBXFileReference; explicitFileType = wrapper.application; includeInIndex = 0; path = MacPlugin.app; sourceTree = BUILT_PRODUCTS_DIR; };
		E404DC0F1CE0C02100D4AB5F /* AppDelegate.swift */ = {isa = PBXFileReference; lastKnownFileType = sourcecode.swift; path = AppDelegate.swift; sourceTree = "<group>"; };
		E404DC111CE0C02100D4AB5F /* ViewController.swift */ = {isa = PBXFileReference; lastKnownFileType = sourcecode.swift; path = ViewController.swift; sourceTree = "<group>"; };
		E404DC131CE0C02100D4AB5F /* Assets.xcassets */ = {isa = PBXFileReference; lastKnownFileType = folder.assetcatalog; path = Assets.xcassets; sourceTree = "<group>"; };
		E404DC161CE0C02100D4AB5F /* Base */ = {isa = PBXFileReference; lastKnownFileType = file.storyboard; name = Base; path = Base.lproj/Main.storyboard; sourceTree = "<group>"; };
		E404DC181CE0C02100D4AB5F /* Info.plist */ = {isa = PBXFileReference; lastKnownFileType = text.plist.xml; path = Info.plist; sourceTree = "<group>"; };
/* End PBXFileReference section */

/* Begin PBXFrameworksBuildPhase section */
		E404DC091CE0C02100D4AB5F /* Frameworks */ = {
			isa = PBXFrameworksBuildPhase;
			buildActionMask = 2147483647;
			files = (
			);
			runOnlyForDeploymentPostprocessing = 0;
		};
/* End PBXFrameworksBuildPhase section */

/* Begin PBXGroup section */
		E404DC031CE0C02100D4AB5F = {
			isa = PBXGroup;
			children = (
				E404DC0E1CE0C02100D4AB5F /* MacPlugin */,
				E404DC0D1CE0C02100D4AB5F /* Products */,
			);
			sourceTree = "<group>";
		};
		E404DC0D1CE0C02100D4AB5F /* Products */ = {
			isa = PBXGroup;
			children = (
				E404DC0C1CE0C02100D4AB5F /* MacPlugin.app */,
			);
			name = Products;
			sourceTree = "<group>";
		};
		E404DC0E1CE0C02100D4AB5F /* MacPlugin */ = {
			isa = PBXGroup;
			children = (
				E404DC0F1CE0C02100D4AB5F /* AppDelegate.swift */,
				E404DC111CE0C02100D4AB5F /* ViewController.swift */,
				E404DC131CE0C02100D4AB5F /* Assets.xcassets */,
				E404DC151CE0C02100D4AB5F /* Main.storyboard */,
				E404DC181CE0C02100D4AB5F /* Info.plist */,
			);
			path = MacPlugin;
			sourceTree = "<group>";
		};
/* End PBXGroup section */

/* Begin PBXNativeTarget section */
		E404DC0B1CE0C02100D4AB5F /* MacPlugin */ = {
			isa = PBXNativeTarget;
			buildConfigurationList = E404DC1B1CE0C02100D4AB5F /* Build configuration list for PBXNativeTarget "MacPlugin" */;
			buildPhases = (
				E404DC081CE0C02100D4AB5F /* Sources */,
				E404DC091CE0C02100D4AB5F /* Frameworks */,
				E404DC0A1CE0C02100D4AB5F /* Resources */,
			);
			buildRules = (
			);
			dependencies = (
			);
			name = MacPlugin;
			productName = MacPlugin;
			productReference = E404DC0C1CE0C02100D4AB5F /* MacPlugin.app */;
			productType = "com.apple.product-type.application";
		};
/* End PBXNativeTarget section */

/* Begin PBXProject section */
		E404DC041CE0C02100D4AB5F /* Project object */ = {
			isa = PBXProject;
			attributes = {
				LastSwiftUpdateCheck = 0730;
				LastUpgradeCheck = 0730;
				ORGANIZATIONNAME = song;
				TargetAttributes = {
					E404DC0B1CE0C02100D4AB5F = {
						CreatedOnToolsVersion = 7.3.1;
					};
				};
			};
			buildConfigurationList = E404DC071CE0C02100D4AB5F /* Build configuration list for PBXProject "MacPlugin" */;
			compatibilityVersion = "Xcode 3.2";
			developmentRegion = English;
			hasScannedForEncodings = 0;
			knownRegions = (
				en,
				Base,
			);
			mainGroup = E404DC031CE0C02100D4AB5F;
			productRefGroup = E404DC0D1CE0C02100D4AB5F /* Products */;
			projectDirPath = "";
			projectRoot = "";
			targets = (
				E404DC0B1CE0C02100D4AB5F /* MacPlugin */,
			);
		};
/* End PBXProject section */

/* Begin PBXResourcesBuildPhase section */
		E404DC0A1CE0C02100D4AB5F /* Resources */ = {
			isa = PBXResourcesBuildPhase;
			buildActionMask = 2147483647;
			files = (
				E404DC141CE0C02100D4AB5F /* Assets.xcassets in Resources */,
				E404DC171CE0C02100D4AB5F /* Main.storyboard in Resources */,
			);
			runOnlyForDeploymentPostprocessing = 0;
		};
/* End PBXResourcesBuildPhase section */

/* Begin PBXSourcesBuildPhase section */
		E404DC081CE0C02100D4AB5F /* Sources */ = {
			isa = PBXSourcesBuildPhase;
			buildActionMask = 2147483647;
			files = (
				E404DC121CE0C02100D4AB5F /* ViewController.swift in Sources */,
				E404DC101CE0C02100D4AB5F /* AppDelegate.swift in Sources */,
			);
			runOnlyForDeploymentPostprocessing = 0;
		};
/* End PBXSourcesBuildPhase section */

/* Begin PBXVariantGroup section */
		E404DC151CE0C02100D4AB5F /* Main.storyboard */ = {
			isa = PBXVariantGroup;
			children = (
				E404DC161CE0C02100D4AB5F /* Base */,
			);
			name = Main.storyboard;
			sourceTree = "<group>";
		};
/* End PBXVariantGroup section */

/* Begin XCBuildConfiguration section */
		E404DC191CE0C02100D4AB5F /* Debug */ = {
			isa = XCBuildConfiguration;
			buildSettings = {
				ALWAYS_SEARCH_USER_PATHS = NO;
				CLANG_ANALYZER_NONNULL = YES;
				CLANG_CXX_LANGUAGE_STANDARD = "gnu++0x";
				CLANG_CXX_LIBRARY = "libc++";
				CLANG_ENABLE_MODULES = YES;
				CLANG_ENABLE_OBJC_ARC = YES;
				CLANG_WARN_BOOL_CONVERSION = YES;
				CLANG_WARN_CONSTANT_CONVERSION = YES;
				CLANG_WARN_DIRECT_OBJC_ISA_USAGE = YES_ERROR;
				CLANG_WARN_EMPTY_BODY = YES;
				CLANG_WARN_ENUM_CONVERSION = YES;
				CLANG_WARN_INT_CONVERSION = YES;
				CLANG_WARN_OBJC_ROOT_CLASS = YES_ERROR;
				CLANG_WARN_UNREACHABLE_CODE = YES;
				CLANG_WARN__DUPLICATE_METHOD_MATCH = YES;
				CODE_SIGN_IDENTITY = "-";
				COPY_PHASE_STRIP = NO;
				DEBUG_INFORMATION_FORMAT = dwarf;
				ENABLE_STRICT_OBJC_MSGSEND = YES;
				ENABLE_TESTABILITY = YES;
				GCC_C_LANGUAGE_STANDARD = gnu99;
				GCC_DYNAMIC_NO_PIC = NO;
				GCC_NO_COMMON_BLOCKS = YES;
				GCC_OPTIMIZATION_LEVEL = 0;
				GCC_PREPROCESSOR_DEFINITIONS = (
					"DEBUG=1",
					"$(inherited)",
				);
				GCC_WARN_64_TO_32_BIT_CONVERSION = YES;
				GCC_WARN_ABOUT_RETURN_TYPE = YES_ERROR;
				GCC_WARN_UNDECLARED_SELECTOR = YES;
				GCC_WARN_UNINITIALIZED_AUTOS = YES_AGGRESSIVE;
				GCC_WARN_UNUSED_FUNCTION = YES;
				GCC_WARN_UNUSED_VARIABLE = YES;
				MACOSX_DEPLOYMENT_TARGET = 10.11;
				MTL_ENABLE_DEBUG_INFO = YES;
				ONLY_ACTIVE_ARCH = YES;
				SDKROOT = macosx;
				SWIFT_OPTIMIZATION_LEVEL = "-Onone";
			};
			name = Debug;
		};
		E404DC1A1CE0C02100D4AB5F /* Release */ = {
			isa = XCBuildConfiguration;
			buildSettings = {
				ALWAYS_SEARCH_USER_PATHS = NO;
				CLANG_ANALYZER_NONNULL = YES;
				CLANG_CXX_LANGUAGE_STANDARD = "gnu++0x";
				CLANG_CXX_LIBRARY = "libc++";
				CLANG_ENABLE_MODULES = YES;
				CLANG_ENABLE_OBJC_ARC = YES;
				CLANG_WARN_BOOL_CONVERSION = YES;
				CLANG_WARN_CONSTANT_CONVERSION = YES;
				CLANG_WARN_DIRECT_OBJC_ISA_USAGE = YES_ERROR;
				CLANG_WARN_EMPTY_BODY = YES;
				CLANG_WARN_ENUM_CONVERSION = YES;
				CLANG_WARN_INT_CONVERSION = YES;
				CLANG_WARN_OBJC_ROOT_CLASS = YES_ERROR;
				CLANG_WARN_UNREACHABLE_CODE = YES;
				CLANG_WARN__DUPLICATE_METHOD_MATCH = YES;
				CODE_SIGN_IDENTITY = "-";
				COPY_PHASE_STRIP = NO;
				DEBUG_INFORMATION_FORMAT = "dwarf-with-dsym";
				ENABLE_NS_ASSERTIONS = NO;
				ENABLE_STRICT_OBJC_MSGSEND = YES;
				GCC_C_LANGUAGE_STANDARD = gnu99;
				GCC_NO_COMMON_BLOCKS = YES;
				GCC_WARN_64_TO_32_BIT_CONVERSION = YES;
				GCC_WARN_ABOUT_RETURN_TYPE = YES_ERROR;
				GCC_WARN_UNDECLARED_SELECTOR = YES;
				GCC_WARN_UNINITIALIZED_AUTOS = YES_AGGRESSIVE;
				GCC_WARN_UNUSED_FUNCTION = YES;
				GCC_WARN_UNUSED_VARIABLE = YES;
				MACOSX_DEPLOYMENT_TARGET = 10.11;
				MTL_ENABLE_DEBUG_INFO = NO;
				SDKROOT = macosx;
			};
			name = Release;
		};
		E404DC1C1CE0C02100D4AB5F /* Debug */ = {
			isa = XCBuildConfiguration;
			buildSettings = {
				ASSETCATALOG_COMPILER_APPICON_NAME = AppIcon;
				COMBINE_HIDPI_IMAGES = YES;
				INFOPLIST_FILE = MacPlugin/Info.plist;
				LD_RUNPATH_SEARCH_PATHS = "$(inherited) @executable_path/../Frameworks";
				PRODUCT_BUNDLE_IDENTIFIER = qdaily.com.MacPlugin;
				PRODUCT_NAME = "$(TARGET_NAME)";
			};
			name = Debug;
		};
		E404DC1D1CE0C02100D4AB5F /* Release */ = {
			isa = XCBuildConfiguration;
			buildSettings = {
				ASSETCATALOG_COMPILER_APPICON_NAME = AppIcon;
				COMBINE_HIDPI_IMAGES = YES;
				INFOPLIST_FILE = MacPlugin/Info.plist;
				LD_RUNPATH_SEARCH_PATHS = "$(inherited) @executable_path/../Frameworks";
				PRODUCT_BUNDLE_IDENTIFIER = qdaily.com.MacPlugin;
				PRODUCT_NAME = "$(TARGET_NAME)";
			};
			name = Release;
		};
/* End XCBuildConfiguration section */

/* Begin XCConfigurationList section */
		E404DC071CE0C02100D4AB5F /* Build configuration list for PBXProject "MacPlugin" */ = {
			isa = XCConfigurationList;
			buildConfigurations = (
				E404DC191CE0C02100D4AB5F /* Debug */,
				E404DC1A1CE0C02100D4AB5F /* Release */,
			);
			defaultConfigurationIsVisible = 0;
			defaultConfigurationName = Release;
		};
		E404DC1B1CE0C02100D4AB5F /* Build configuration list for PBXNativeTarget "MacPlugin" */ = {
			isa = XCConfigurationList;
			buildConfigurations = (
				E404DC1C1CE0C02100D4AB5F /* Debug */,
				E404DC1D1CE0C02100D4AB5F /* Release */,
			);
			defaultConfigurationIsVisible = 0;
		};
/* End XCConfigurationList section */
	};
	rootObject = E404DC041CE0C02100D4AB5F /* Project object */;
}
